{
  "requires": true,
  "lockfileVersion": 1,
  "dependencies": {
    "camelcase": {
      "version": "1.2.1",
      "resolved": "https://registry.npmjs.org/camelcase/-/camelcase-1.2.1.tgz",
      "integrity": "sha1-m7UwTS4LVmmLLHWLCKPqqdqlijk="
    },
    "uppercamelcase": {
      "version": "1.1.0",
      "resolved": "https://registry.npmjs.org/uppercamelcase/-/uppercamelcase-1.1.0.tgz",
      "integrity": "sha1-Mk2YprOvx+iolT4QZBUJsOTiP5c=",
      "requires": {
        "camelcase": "1.2.1"
      }
    },
    "vue-amap": {
      "version": "0.5.7",
      "resolved": "https://registry.npmjs.org/vue-amap/-/vue-amap-0.5.7.tgz",
      "integrity": "sha512-upwp+yUZJGIbX4xSXVRBfMF3a1OkB6JfAU/TzuAUWIOckhaz0ip7sNMRXLOj5Hz+aXVes8WgRM6sq6GJueG/1Q==",
      "requires": {
        "uppercamelcase": "1.1.0"
      }
    }
  }
}
